
Microsoft Visual Studio Solution File, Format Version 12.00
# Visual Studio Version 17
VisualStudioVersion = 17.4.33110.190
MinimumVisualStudioVersion = 10.0.40219.1
Project("{FAE04EC0-301F-11D3-BF4B-00C04F79EFBC}") = "AFKReplacer", "AFKReplacer\AFKReplacer.csproj", "{AC3C18C5-1BEE-4BD9-9C9F-AD5DF4287065}"
EndProject
Global
	GlobalSection(SolutionConfigurationPlatforms) = preSolution
		Debug|Any CPU = Debug|Any CPU
		Release|Any CPU = Release|Any CPU
	EndGlobalSection
	GlobalSection(ProjectConfigurationPlatforms) = postSolution
		{AC3C18C5-1BEE-4BD9-9C9F-AD5DF4287065}.Debug|Any CPU.ActiveCfg = Debug|Any CPU
		{AC3C18C5-1BEE-4BD9-9C9F-AD5DF4287065}.Debug|Any CPU.Build.0 = Debug|Any CPU
		{AC3C18C5-1BEE-4BD9-9C9F-AD5DF4287065}.Release|Any CPU.ActiveCfg = Release|Any CPU
		{AC3C18C5-1BEE-4BD9-9C9F-AD5DF4287065}.Release|Any CPU.Build.0 = Release|Any CPU
	EndGlobalSection
	GlobalSection(SolutionProperties) = preSolution
		HideSolutionNode = FALSE
	EndGlobalSection
	GlobalSection(ExtensibilityGlobals) = postSolution
		SolutionGuid = {7FD08DFA-FDA9-4ACB-9B19-A1F11339C74D}
	EndGlobalSection
EndGlobal
